# This file is autogenerated, do not edit; changes may be undone by the next 'dep ensure'.


[[projects]]
  digest = "1:61e512f75ec00c5d0e33e1f503fbad293f5850b76a8f62f6035097c8c436315d"
  name = "github.com/abbot/go-http-auth"
  packages = ["."]
  pruneopts = ""
  revision = "0ddd408d5d60ea76e320503cc7dd091992dee608"
  version = "v0.4.0"

[[projects]]
  branch = "logrus-compat"
  digest = "1:12f9eb93aa8ca3739933ee5935924c8fe44b146970b7efadd5c061182bc88dc4"
  name = "github.com/armadillica/gossdp"
  packages = ["."]
  pruneopts = ""
  revision = "0fce4178969b53dec04e8927c31c36e9a6d9738d"

[[projects]]
  digest = "1:0deddd908b6b4b768cfc272c16ee61e7088a60f7fe2f06c547bd3d8e1f8b8e77"
  name = "github.com/davecgh/go-spew"
  packages = ["spew"]
  pruneopts = ""
  revision = "8991bc29aa16c548c550c7ff78260e27b9ab7c73"
  version = "v1.1.1"

[[projects]]
  digest = "1:eb53021a8aa3f599d29c7102e65026242bdedce998a54837dc67f14b6a97c5fd"
  name = "github.com/fsnotify/fsnotify"
  packages = ["."]
  pruneopts = ""
  revision = "c2828203cd70a50dcccfb2761f8b1f8ceef9a8e9"
  version = "v1.4.7"

[[projects]]
  digest = "1:dbbeb8ddb0be949954c8157ee8439c2adfd8dc1c9510eb44a6e58cb68c3dce28"
  name = "github.com/gorilla/context"
  packages = ["."]
  pruneopts = ""
  revision = "08b5f424b9271eedf6f9f0ce86cb9396ed337a42"
  version = "v1.1.1"

[[projects]]
  digest = "1:c2c8666b4836c81a1d247bdf21c6a6fc1ab586538ab56f74437c2e0df5c375e1"
  name = "github.com/gorilla/mux"
  packages = ["."]
  pruneopts = ""
  revision = "e3702bed27f0d39777b0b37b664b6280e8ef8fbf"
  version = "v1.6.2"

[[projects]]
  branch = "master"
  digest = "1:2c5ad58492804c40bdaf5d92039b0cde8b5becd2b7feeb37d7d1cc36a8aa8dbe"
  name = "github.com/kardianos/osext"
  packages = ["."]
  pruneopts = ""
  revision = "ae77be60afb1dcacde03767a8c37337fad28ac14"

[[projects]]
  digest = "1:6a874e3ddfb9db2b42bd8c85b6875407c702fa868eed20634ff489bc896ccfd3"
  name = "github.com/konsorten/go-windows-terminal-sequences"
  packages = ["."]
  pruneopts = ""
  revision = "5c8c8bd35d3832f5d134ae1e1e375b69a4d25242"
  version = "v1.0.1"

[[projects]]
  digest = "1:3108ec0946181c60040ff51b811908f89d03e521e2b4ade5ef5c65b3c0e911ae"
  name = "github.com/kr/pretty"
  packages = ["."]
  pruneopts = ""
  revision = "73f6ac0b30a98e433b289500d779f50c1a6f0712"
  version = "v0.1.0"

[[projects]]
  digest = "1:11b056b4421396ab14e384ab8ab8c2079b03f1e51aa5eb4d9b81f9e0d1aa8fbf"
  name = "github.com/kr/text"
  packages = ["."]
  pruneopts = ""
  revision = "e2ffdb16a802fe2bb95e2e35ff34f0e53aeef34f"
  version = "v0.1.0"

[[projects]]
  digest = "1:256484dbbcd271f9ecebc6795b2df8cad4c458dd0f5fd82a8c2fa0c29f233411"
  name = "github.com/pmezard/go-difflib"
  packages = ["difflib"]
  pruneopts = ""
  revision = "792786c7400a136282c1664665ae0a8db921c6c2"
  version = "v1.0.0"

[[projects]]
  digest = "1:9d57e200ef5ccc4217fe0a34287308bac652435e7c6513f6263e0493d2245c56"
  name = "github.com/sirupsen/logrus"
  packages = ["."]
  pruneopts = ""
  revision = "bcd833dfe83d3cebad139e4a29ed79cb2318bf95"
  version = "v1.2.0"

[[projects]]
  digest = "1:c587772fb8ad29ad4db67575dad25ba17a51f072ff18a22b4f0257a4d9c24f75"
  name = "github.com/stretchr/testify"
  packages = ["assert"]
  pruneopts = ""
  revision = "f35b8ab0b5a2cef36673838d662e249dd9c94686"
  version = "v1.2.2"

[[projects]]
  branch = "master"
  digest = "1:887074c37fcefc2f49b5ae9c6f9f36107341aec23185613d0e9f1ee81db7f94a"
  name = "golang.org/x/crypto"
  packages = [
    "bcrypt",
    "blowfish",
    "ssh/terminal",
  ]
  pruneopts = ""
  revision = "505ab145d0a99da450461ae2c1a9f6cd10d1f447"

[[projects]]
  branch = "master"
  digest = "1:6728b48c3404cbbebd73186cb2de79bf03395e8c3a8e5fe2079367f2c3fa85b0"
  name = "golang.org/x/net"
  packages = [
    "bpf",
    "context",
    "internal/iana",
    "internal/socket",
    "ipv4",
  ]
  pruneopts = ""
  revision = "610586996380ceef02dd726cc09df7e00a3f8e56"

[[projects]]
  branch = "master"
  digest = "1:1762d94528e8f2d138a1ee746b1fc23a6ea81ff5d3db85a077ab1a05060a852e"
  name = "golang.org/x/sys"
  packages = [
    "unix",
    "windows",
  ]
  pruneopts = ""
  revision = "73d4af5aa059c8c2dfcf25aad4efd6ce7bc9adc1"

[[projects]]
  branch = "v1"
  digest = "1:1d01f96bc2293b56c3dec797b8f976d7613fb30ce92bfbc994130404f7f7f031"
  name = "gopkg.in/check.v1"
  packages = ["."]
  pruneopts = ""
  revision = "788fd78401277ebd861206a03c884797c6ec5541"

[[projects]]
  branch = "v1"
  digest = "1:7ba21bde7e6271dc6d5c61b297ce5a225c040ec4bb92e02b2f74cb20a47c16bb"
  name = "gopkg.in/jarcoal/httpmock.v1"
  packages = ["."]
  pruneopts = ""
  revision = "275e9df93516fc27a998eca24c8f1cca277ce5bf"

[[projects]]
  branch = "v2"
  digest = "1:f54ba71a035aac92ced3e902d2bff3734a15d1891daff73ec0f90ef236750139"
  name = "gopkg.in/mgo.v2"
  packages = [
    ".",
    "bson",
    "internal/json",
    "internal/sasl",
    "internal/scram",
  ]
  pruneopts = ""
  revision = "9856a29383ce1c59f308dd1cf0363a79b5bef6b5"

[[projects]]
  branch = "v2"
  digest = "1:cedccf16b71e86db87a24f8d4c70b0a855872eb967cb906a66b95de56aefbd0d"
  name = "gopkg.in/yaml.v2"
  packages = ["."]
  pruneopts = ""
  revision = "51d6538a90f86fe93ac480b35f37b2be17fef232"

[solve-meta]
  analyzer-name = "dep"
  analyzer-version = 1
  input-imports = [
    "github.com/abbot/go-http-auth",
    "github.com/armadillica/gossdp",
    "github.com/fsnotify/fsnotify",
    "github.com/gorilla/mux",
    "github.com/kardianos/osext",
    "github.com/sirupsen/logrus",
    "github.com/stretchr/testify/assert",
    "golang.org/x/crypto/bcrypt",
    "gopkg.in/check.v1",
    "gopkg.in/jarcoal/httpmock.v1",
    "gopkg.in/mgo.v2",
    "gopkg.in/mgo.v2/bson",
    "gopkg.in/yaml.v2",
  ]
  solver-name = "gps-cdcl"
  solver-version = 1
